
Microsoft Visual Studio Solution File, Format Version 12.00
# Visual Studio 15
VisualStudioVersion = 15.0.28307.572
MinimumVisualStudioVersion = 10.0.40219.1
Project("{FAE04EC0-301F-11D3-BF4B-00C04F79EFBC}") = "DotNetValidator", "DotNetValidator\DotNetValidator.csproj", "{00A381AC-B764-420B-8C07-A60B7430B71C}"
EndProject
Project("{FAE04EC0-301F-11D3-BF4B-00C04F79EFBC}") = "DotNetValidator.C.Test", "DotNetValidator.Console.Test\DotNetValidator.C.Test.csproj", "{78090731-EDF1-460C-B199-D03F02929326}"
EndProject
Global
	GlobalSection(SolutionConfigurationPlatforms) = preSolution
		Debug|Any CPU = Debug|Any CPU
		Release|Any CPU = Release|Any CPU
	EndGlobalSection
	GlobalSection(ProjectConfigurationPlatforms) = postSolution
		{00A381AC-B764-420B-8C07-A60B7430B71C}.Debug|Any CPU.ActiveCfg = Debug|Any CPU
		{00A381AC-B764-420B-8C07-A60B7430B71C}.Debug|Any CPU.Build.0 = Debug|Any CPU
		{00A381AC-B764-420B-8C07-A60B7430B71C}.Release|Any CPU.ActiveCfg = Release|Any CPU
		{00A381AC-B764-420B-8C07-A60B7430B71C}.Release|Any CPU.Build.0 = Release|Any CPU
		{78090731-EDF1-460C-B199-D03F02929326}.Debug|Any CPU.ActiveCfg = Debug|Any CPU
		{78090731-EDF1-460C-B199-D03F02929326}.Debug|Any CPU.Build.0 = Debug|Any CPU
		{78090731-EDF1-460C-B199-D03F02929326}.Release|Any CPU.ActiveCfg = Release|Any CPU
		{78090731-EDF1-460C-B199-D03F02929326}.Release|Any CPU.Build.0 = Release|Any CPU
	EndGlobalSection
	GlobalSection(SolutionProperties) = preSolution
		HideSolutionNode = FALSE
	EndGlobalSection
	GlobalSection(ExtensibilityGlobals) = postSolution
		SolutionGuid = {EE3453CB-DBF7-49C2-BA62-DD31B6386F0C}
	EndGlobalSection
EndGlobal
